PODS:
  - Realm (2.0.2):
    - Realm/Headers (= 2.0.2)
  - Realm/Headers (2.0.2)
  - RealmSwift (2.0.2):
    - Realm (= 2.0.2)
  - RxCocoa (3.0.0-rc.1):
    - RxSwift (~> 3.0.0-rc.1)
  - RxDataSources (1.0.0-rc.1):
    - RxCocoa (~> 3.0.0-rc.1)
    - RxSwift (~> 3.0.0-rc.1)
  - RxSwift (3.0.0-rc.1)

DEPENDENCIES:
  - RealmSwift
  - RxCocoa (= 3.0.0-rc.1)
  - RxDataSources (~> 1.0.0-rc.1)
  - RxSwift (= 3.0.0-rc.1)

SPEC CHECKSUMS:
  Realm: 0f5a194af0b7e6158b83db41b4ee1a00be7ddf1a
  RealmSwift: 0eb5070d851cba7c66e841ca756d83609dc78bc8
  RxCocoa: e72a074a7f38896ec0382d096df5f58df10115c7
  RxDataSources: 178f66fbd31fba8d0b14cec1c90c3a0343c34432
  RxSwift: d7a3819dd71789c473e3cbf1a0c02d58b2692739

PODFILE CHECKSUM: 3e92bb5249517b85afc1022e582cc422d6408fda

COCOAPODS: 1.1.0.rc.3
