// !$*UTF8*$!
{
	archiveVersion = 1;
	classes = {
	};
	objectVersion = 46;
	objects = {

/* Begin PBXBuildFile section */
		9A66F95B1DAD27BC00D88583 /* AppDelegate.swift in Sources */ = {isa = PBXBuildFile; fileRef = 9A66F95A1DAD27BC00D88583 /* AppDelegate.swift */; };
		9A66F95D1DAD27BC00D88583 /* ViewController.swift in Sources */ = {isa = PBXBuildFile; fileRef = 9A66F95C1DAD27BC00D88583 /* ViewController.swift */; };
		9A66F9601DAD27BC00D88583 /* Main.storyboard in Resources */ = {isa = PBXBuildFile; fileRef = 9A66F95E1DAD27BC00D88583 /* Main.storyboard */; };
		9A66F9621DAD27BC00D88583 /* Assets.xcassets in Resources */ = {isa = PBXBuildFile; fileRef = 9A66F9611DAD27BC00D88583 /* Assets.xcassets */; };
		9A66F9651DAD27BC00D88583 /* LaunchScreen.storyboard in Resources */ = {isa = PBXBuildFile; fileRef = 9A66F9631DAD27BC00D88583 /* LaunchScreen.storyboard */; };
		9A66F9701DAD27BC00D88583 /* EventsTests.swift in Sources */ = {isa = PBXBuildFile; fileRef = 9A66F96F1DAD27BC00D88583 /* EventsTests.swift */; };
		9A66F97B1DAD27BC00D88583 /* EventsUITests.swift in Sources */ = {isa = PBXBuildFile; fileRef = 9A66F97A1DAD27BC00D88583 /* EventsUITests.swift */; };
/* End PBXBuildFile section */

/* Begin PBXContainerItemProxy section */
		9A66F96C1DAD27BC00D88583 /* PBXContainerItemProxy */ = {
			isa = PBXContainerItemProxy;
			containerPortal = 9A66F94F1DAD27BC00D88583 /* Project object */;
			proxyType = 1;
			remoteGlobalIDString = 9A66F9561DAD27BC00D88583;
			remoteInfo = Events;
		};
		9A66F9771DAD27BC00D88583 /* PBXContainerItemProxy */ = {
			isa = PBXContainerItemProxy;
			containerPortal = 9A66F94F1DAD27BC00D88583 /* Project object */;
			proxyType = 1;
			remoteGlobalIDString = 9A66F9561DAD27BC00D88583;
			remoteInfo = Events;
		};
/* End PBXContainerItemProxy section */

/* Begin PBXFileReference section */
		9A66F9571DAD27BC00D88583 /* Events.app */ = {isa = PBXFileReference; explicitFileType = wrapper.application; includeInIndex = 0; path = Events.app; sourceTree = BUILT_PRODUCTS_DIR; };
		9A66F95A1DAD27BC00D88583 /* AppDelegate.swift */ = {isa = PBXFileReference; lastKnownFileType = sourcecode.swift; path = AppDelegate.swift; sourceTree = "<group>"; };
		9A66F95C1DAD27BC00D88583 /* ViewController.swift */ = {isa = PBXFileReference; lastKnownFileType = sourcecode.swift; path = ViewController.swift; sourceTree = "<group>"; };
		9A66F95F1DAD27BC00D88583 /* Base */ = {isa = PBXFileReference; lastKnownFileType = file.storyboard; name = Base; path = Base.lproj/Main.storyboard; sourceTree = "<group>"; };
		9A66F9611DAD27BC00D88583 /* Assets.xcassets */ = {isa = PBXFileReference; lastKnownFileType = folder.assetcatalog; path = Assets.xcassets; sourceTree = "<group>"; };
		9A66F9641DAD27BC00D88583 /* Base */ = {isa = PBXFileReference; lastKnownFileType = file.storyboard; name = Base; path = Base.lproj/LaunchScreen.storyboard; sourceTree = "<group>"; };
		9A66F9661DAD27BC00D88583 /* Info.plist */ = {isa = PBXFileReference; lastKnownFileType = text.plist.xml; path = Info.plist; sourceTree = "<group>"; };
		9A66F96B1DAD27BC00D88583 /* EventsTests.xctest */ = {isa = PBXFileReference; explicitFileType = wrapper.cfbundle; includeInIndex = 0; path = EventsTests.xctest; sourceTree = BUILT_PRODUCTS_DIR; };
		9A66F96F1DAD27BC00D88583 /* EventsTests.swift */ = {isa = PBXFileReference; lastKnownFileType = sourcecode.swift; path = EventsTests.swift; sourceTree = "<group>"; };
		9A66F9711DAD27BC00D88583 /* Info.plist */ = {isa = PBXFileReference; lastKnownFileType = text.plist.xml; path = Info.plist; sourceTree = "<group>"; };
		9A66F9761DAD27BC00D88583 /* EventsUITests.xctest */ = {isa = PBXFileReference; explicitFileType = wrapper.cfbundle; includeInIndex = 0; path = EventsUITests.xctest; sourceTree = BUILT_PRODUCTS_DIR; };
		9A66F97A1DAD27BC00D88583 /* EventsUITests.swift */ = {isa = PBXFileReference; lastKnownFileType = sourcecode.swift; path = EventsUITests.swift; sourceTree = "<group>"; };
		9A66F97C1DAD27BD00D88583 /* Info.plist */ = {isa = PBXFileReference; lastKnownFileType = text.plist.xml; path = Info.plist; sourceTree = "<group>"; };
/* End PBXFileReference section */

/* Begin PBXFrameworksBuildPhase section */
		9A66F9541DAD27BC00D88583 /* Frameworks */ = {
			isa = PBXFrameworksBuildPhase;
			buildActionMask = 2147483647;
			files = (
			);
			runOnlyForDeploymentPostprocessing = 0;
		};
		9A66F9681DAD27BC00D88583 /* Frameworks */ = {
			isa = PBXFrameworksBuildPhase;
			buildActionMask = 2147483647;
			files = (
			);
			runOnlyForDeploymentPostprocessing = 0;
		};
		9A66F9731DAD27BC00D88583 /* Frameworks */ = {
			isa = PBXFrameworksBuildPhase;
			buildActionMask = 2147483647;
			files = (
			);
			runOnlyForDeploymentPostprocessing = 0;
		};
/* End PBXFrameworksBuildPhase section */

/* Begin PBXGroup section */
		9A66F94E1DAD27BC00D88583 = {
			isa = PBXGroup;
			children = (
				9A66F9591DAD27BC00D88583 /* Events */,
				9A66F96E1DAD27BC00D88583 /* EventsTests */,
				9A66F9791DAD27BC00D88583 /* EventsUITests */,
				9A66F9581DAD27BC00D88583 /* Products */,
			);
			sourceTree = "<group>";
		};
		9A66F9581DAD27BC00D88583 /* Products */ = {
			isa = PBXGroup;
			children = (
				9A66F9571DAD27BC00D88583 /* Events.app */,
				9A66F96B1DAD27BC00D88583 /* EventsTests.xctest */,
				9A66F9761DAD27BC00D88583 /* EventsUITests.xctest */,
			);
			name = Products;
			sourceTree = "<group>";
		};
		9A66F9591DAD27BC00D88583 /* Events */ = {
			isa = PBXGroup;
			children = (
				9A66F95A1DAD27BC00D88583 /* AppDelegate.swift */,
				9A66F95C1DAD27BC00D88583 /* ViewController.swift */,
				9A66F95E1DAD27BC00D88583 /* Main.storyboard */,
				9A66F9611DAD27BC00D88583 /* Assets.xcassets */,
				9A66F9631DAD27BC00D88583 /* LaunchScreen.storyboard */,
				9A66F9661DAD27BC00D88583 /* Info.plist */,
			);
			path = Events;
			sourceTree = "<group>";
		};
		9A66F96E1DAD27BC00D88583 /* EventsTests */ = {
			isa = PBXGroup;
			children = (
				9A66F96F1DAD27BC00D88583 /* EventsTests.swift */,
				9A66F9711DAD27BC00D88583 /* Info.plist */,
			);
			path = EventsTests;
			sourceTree = "<group>";
		};
		9A66F9791DAD27BC00D88583 /* EventsUITests */ = {
			isa = PBXGroup;
			children = (
				9A66F97A1DAD27BC00D88583 /* EventsUITests.swift */,
				9A66F97C1DAD27BD00D88583 /* Info.plist */,
			);
			path = EventsUITests;
			sourceTree = "<group>";
		};
/* End PBXGroup section */

/* Begin PBXNativeTarget section */
		9A66F9561DAD27BC00D88583 /* Events */ = {
			isa = PBXNativeTarget;
			buildConfigurationList = 9A66F97F1DAD27BD00D88583 /* Build configuration list for PBXNativeTarget "Events" */;
			buildPhases = (
				9A66F9531DAD27BC00D88583 /* Sources */,
				9A66F9541DAD27BC00D88583 /* Frameworks */,
				9A66F9551DAD27BC00D88583 /* Resources */,
			);
			buildRules = (
			);
			dependencies = (
			);
			name = Events;
			productName = Events;
			productReference = 9A66F9571DAD27BC00D88583 /* Events.app */;
			productType = "com.apple.product-type.application";
		};
		9A66F96A1DAD27BC00D88583 /* EventsTests */ = {
			isa = PBXNativeTarget;
			buildConfigurationList = 9A66F9821DAD27BD00D88583 /* Build configuration list for PBXNativeTarget "EventsTests" */;
			buildPhases = (
				9A66F9671DAD27BC00D88583 /* Sources */,
				9A66F9681DAD27BC00D88583 /* Frameworks */,
				9A66F9691DAD27BC00D88583 /* Resources */,
			);
			buildRules = (
			);
			dependencies = (
				9A66F96D1DAD27BC00D88583 /* PBXTargetDependency */,
			);
			name = EventsTests;
			productName = EventsTests;
			productReference = 9A66F96B1DAD27BC00D88583 /* EventsTests.xctest */;
			productType = "com.apple.product-type.bundle.unit-test";
		};
		9A66F9751DAD27BC00D88583 /* EventsUITests */ = {
			isa = PBXNativeTarget;
			buildConfigurationList = 9A66F9851DAD27BD00D88583 /* Build configuration list for PBXNativeTarget "EventsUITests" */;
			buildPhases = (
				9A66F9721DAD27BC00D88583 /* Sources */,
				9A66F9731DAD27BC00D88583 /* Frameworks */,
				9A66F9741DAD27BC00D88583 /* Resources */,
			);
			buildRules = (
			);
			dependencies = (
				9A66F9781DAD27BC00D88583 /* PBXTargetDependency */,
			);
			name = EventsUITests;
			productName = EventsUITests;
			productReference = 9A66F9761DAD27BC00D88583 /* EventsUITests.xctest */;
			productType = "com.apple.product-type.bundle.ui-testing";
		};
/* End PBXNativeTarget section */

/* Begin PBXProject section */
		9A66F94F1DAD27BC00D88583 /* Project object */ = {
			isa = PBXProject;
			attributes = {
				LastSwiftUpdateCheck = 0800;
				LastUpgradeCheck = 0800;
				ORGANIZATIONNAME = Mac;
				TargetAttributes = {
					9A66F9561DAD27BC00D88583 = {
						CreatedOnToolsVersion = 8.0;
						ProvisioningStyle = Automatic;
					};
					9A66F96A1DAD27BC00D88583 = {
						CreatedOnToolsVersion = 8.0;
						ProvisioningStyle = Automatic;
						TestTargetID = 9A66F9561DAD27BC00D88583;
					};
					9A66F9751DAD27BC00D88583 = {
						CreatedOnToolsVersion = 8.0;
						ProvisioningStyle = Automatic;
						TestTargetID = 9A66F9561DAD27BC00D88583;
					};
				};
			};
			buildConfigurationList = 9A66F9521DAD27BC00D88583 /* Build configuration list for PBXProject "Events" */;
			compatibilityVersion = "Xcode 3.2";
			developmentRegion = English;
			hasScannedForEncodings = 0;
			knownRegions = (
				en,
				Base,
			);
			mainGroup = 9A66F94E1DAD27BC00D88583;
			productRefGroup = 9A66F9581DAD27BC00D88583 /* Products */;
			projectDirPath = "";
			projectRoot = "";
			targets = (
				9A66F9561DAD27BC00D88583 /* Events */,
				9A66F96A1DAD27BC00D88583 /* EventsTests */,
				9A66F9751DAD27BC00D88583 /* EventsUITests */,
			);
		};
/* End PBXProject section */

/* Begin PBXResourcesBuildPhase section */
		9A66F9551DAD27BC00D88583 /* Resources */ = {
			isa = PBXResourcesBuildPhase;
			buildActionMask = 2147483647;
			files = (
				9A66F9651DAD27BC00D88583 /* LaunchScreen.storyboard in Resources */,
				9A66F9621DAD27BC00D88583 /* Assets.xcassets in Resources */,
				9A66F9601DAD27BC00D88583 /* Main.storyboard in Resources */,
			);
			runOnlyForDeploymentPostprocessing = 0;
		};
		9A66F9691DAD27BC00D88583 /* Resources */ = {
			isa = PBXResourcesBuildPhase;
			buildActionMask = 2147483647;
			files = (
			);
			runOnlyForDeploymentPostprocessing = 0;
		};
		9A66F9741DAD27BC00D88583 /* Resources */ = {
			isa = PBXResourcesBuildPhase;
			buildActionMask = 2147483647;
			files = (
			);
			runOnlyForDeploymentPostprocessing = 0;
		};
/* End PBXResourcesBuildPhase section */

/* Begin PBXSourcesBuildPhase section */
		9A66F9531DAD27BC00D88583 /* Sources */ = {
			isa = PBXSourcesBuildPhase;
			buildActionMask = 2147483647;
			files = (
				9A66F95D1DAD27BC00D88583 /* ViewController.swift in Sources */,
				9A66F95B1DAD27BC00D88583 /* AppDelegate.swift in Sources */,
			);
			runOnlyForDeploymentPostprocessing = 0;
		};
		9A66F9671DAD27BC00D88583 /* Sources */ = {
			isa = PBXSourcesBuildPhase;
			buildActionMask = 2147483647;
			files = (
				9A66F9701DAD27BC00D88583 /* EventsTests.swift in Sources */,
			);
			runOnlyForDeploymentPostprocessing = 0;
		};
		9A66F9721DAD27BC00D88583 /* Sources */ = {
			isa = PBXSourcesBuildPhase;
			buildActionMask = 2147483647;
			files = (
				9A66F97B1DAD27BC00D88583 /* EventsUITests.swift in Sources */,
			);
			runOnlyForDeploymentPostprocessing = 0;
		};
/* End PBXSourcesBuildPhase section */

/* Begin PBXTargetDependency section */
		9A66F96D1DAD27BC00D88583 /* PBXTargetDependency */ = {
			isa = PBXTargetDependency;
			target = 9A66F9561DAD27BC00D88583 /* Events */;
			targetProxy = 9A66F96C1DAD27BC00D88583 /* PBXContainerItemProxy */;
		};
		9A66F9781DAD27BC00D88583 /* PBXTargetDependency */ = {
			isa = PBXTargetDependency;
			target = 9A66F9561DAD27BC00D88583 /* Events */;
			targetProxy = 9A66F9771DAD27BC00D88583 /* PBXContainerItemProxy */;
		};
/* End PBXTargetDependency section */

/* Begin PBXVariantGroup section */
		9A66F95E1DAD27BC00D88583 /* Main.storyboard */ = {
			isa = PBXVariantGroup;
			children = (
				9A66F95F1DAD27BC00D88583 /* Base */,
			);
			name = Main.storyboard;
			sourceTree = "<group>";
		};
		9A66F9631DAD27BC00D88583 /* LaunchScreen.storyboard */ = {
			isa = PBXVariantGroup;
			children = (
				9A66F9641DAD27BC00D88583 /* Base */,
			);
			name = LaunchScreen.storyboard;
			sourceTree = "<group>";
		};
/* End PBXVariantGroup section */

/* Begin XCBuildConfiguration section */
		9A66F97D1DAD27BD00D88583 /* Debug */ = {
			isa = XCBuildConfiguration;
			buildSettings = {
				ALWAYS_SEARCH_USER_PATHS = NO;
				CLANG_ANALYZER_NONNULL = YES;
				CLANG_CXX_LANGUAGE_STANDARD = "gnu++0x";
				CLANG_CXX_LIBRARY = "libc++";
				CLANG_ENABLE_MODULES = YES;
				CLANG_ENABLE_OBJC_ARC = YES;
				CLANG_WARN_BOOL_CONVERSION = YES;
				CLANG_WARN_CONSTANT_CONVERSION = YES;
				CLANG_WARN_DIRECT_OBJC_ISA_USAGE = YES_ERROR;
				CLANG_WARN_DOCUMENTATION_COMMENTS = YES;
				CLANG_WARN_EMPTY_BODY = YES;
				CLANG_WARN_ENUM_CONVERSION = YES;
				CLANG_WARN_INFINITE_RECURSION = YES;
				CLANG_WARN_INT_CONVERSION = YES;
				CLANG_WARN_OBJC_ROOT_CLASS = YES_ERROR;
				CLANG_WARN_SUSPICIOUS_MOVES = YES;
				CLANG_WARN_UNREACHABLE_CODE = YES;
				CLANG_WARN__DUPLICATE_METHOD_MATCH = YES;
				"CODE_SIGN_IDENTITY[sdk=iphoneos*]" = "iPhone Developer";
				COPY_PHASE_STRIP = NO;
				DEBUG_INFORMATION_FORMAT = dwarf;
				ENABLE_STRICT_OBJC_MSGSEND = YES;
				ENABLE_TESTABILITY = YES;
				GCC_C_LANGUAGE_STANDARD = gnu99;
				GCC_DYNAMIC_NO_PIC = NO;
				GCC_NO_COMMON_BLOCKS = YES;
				GCC_OPTIMIZATION_LEVEL = 0;
				GCC_PREPROCESSOR_DEFINITIONS = (
					"DEBUG=1",
					"$(inherited)",
				);
				GCC_WARN_64_TO_32_BIT_CONVERSION = YES;
				GCC_WARN_ABOUT_RETURN_TYPE = YES_ERROR;
				GCC_WARN_UNDECLARED_SELECTOR = YES;
				GCC_WARN_UNINITIALIZED_AUTOS = YES_AGGRESSIVE;
				GCC_WARN_UNUSED_FUNCTION = YES;
				GCC_WARN_UNUSED_VARIABLE = YES;
				IPHONEOS_DEPLOYMENT_TARGET = 10.0;
				MTL_ENABLE_DEBUG_INFO = YES;
				ONLY_ACTIVE_ARCH = YES;
				SDKROOT = iphoneos;
				SWIFT_ACTIVE_COMPILATION_CONDITIONS = DEBUG;
				SWIFT_OPTIMIZATION_LEVEL = "-Onone";
				TARGETED_DEVICE_FAMILY = "1,2";
			};
			name = Debug;
		};
		9A66F97E1DAD27BD00D88583 /* Release */ = {
			isa = XCBuildConfiguration;
			buildSettings = {
				ALWAYS_SEARCH_USER_PATHS = NO;
				CLANG_ANALYZER_NONNULL = YES;
				CLANG_CXX_LANGUAGE_STANDARD = "gnu++0x";
				CLANG_CXX_LIBRARY = "libc++";
				CLANG_ENABLE_MODULES = YES;
				CLANG_ENABLE_OBJC_ARC = YES;
				CLANG_WARN_BOOL_CONVERSION = YES;
				CLANG_WARN_CONSTANT_CONVERSION = YES;
				CLANG_WARN_DIRECT_OBJC_ISA_USAGE = YES_ERROR;
				CLANG_WARN_DOCUMENTATION_COMMENTS = YES;
				CLANG_WARN_EMPTY_BODY = YES;
				CLANG_WARN_ENUM_CONVERSION = YES;
				CLANG_WARN_INFINITE_RECURSION = YES;
				CLANG_WARN_INT_CONVERSION = YES;
				CLANG_WARN_OBJC_ROOT_CLASS = YES_ERROR;
				CLANG_WARN_SUSPICIOUS_MOVES = YES;
				CLANG_WARN_UNREACHABLE_CODE = YES;
				CLANG_WARN__DUPLICATE_METHOD_MATCH = YES;
				"CODE_SIGN_IDENTITY[sdk=iphoneos*]" = "iPhone Developer";
				COPY_PHASE_STRIP = NO;
				DEBUG_INFORMATION_FORMAT = "dwarf-with-dsym";
				ENABLE_NS_ASSERTIONS = NO;
				ENABLE_STRICT_OBJC_MSGSEND = YES;
				GCC_C_LANGUAGE_STANDARD = gnu99;
				GCC_NO_COMMON_BLOCKS = YES;
				GCC_WARN_64_TO_32_BIT_CONVERSION = YES;
				GCC_WARN_ABOUT_RETURN_TYPE = YES_ERROR;
				GCC_WARN_UNDECLARED_SELECTOR = YES;
				GCC_WARN_UNINITIALIZED_AUTOS = YES_AGGRESSIVE;
				GCC_WARN_UNUSED_FUNCTION = YES;
				GCC_WARN_UNUSED_VARIABLE = YES;
				IPHONEOS_DEPLOYMENT_TARGET = 10.0;
				MTL_ENABLE_DEBUG_INFO = NO;
				SDKROOT = iphoneos;
				SWIFT_OPTIMIZATION_LEVEL = "-Owholemodule";
				TARGETED_DEVICE_FAMILY = "1,2";
				VALIDATE_PRODUCT = YES;
			};
			name = Release;
		};
		9A66F9801DAD27BD00D88583 /* Debug */ = {
			isa = XCBuildConfiguration;
			buildSettings = {
				ASSETCATALOG_COMPILER_APPICON_NAME = AppIcon;
				INFOPLIST_FILE = Events/Info.plist;
				LD_RUNPATH_SEARCH_PATHS = "$(inherited) @executable_path/Frameworks";
				PRODUCT_BUNDLE_IDENTIFIER = com.mozy.Events;
				PRODUCT_NAME = "$(TARGET_NAME)";
				SWIFT_VERSION = 3.0;
			};
			name = Debug;
		};
		9A66F9811DAD27BD00D88583 /* Release */ = {
			isa = XCBuildConfiguration;
			buildSettings = {
				ASSETCATALOG_COMPILER_APPICON_NAME = AppIcon;
				INFOPLIST_FILE = Events/Info.plist;
				LD_RUNPATH_SEARCH_PATHS = "$(inherited) @executable_path/Frameworks";
				PRODUCT_BUNDLE_IDENTIFIER = com.mozy.Events;
				PRODUCT_NAME = "$(TARGET_NAME)";
				SWIFT_VERSION = 3.0;
			};
			name = Release;
		};
		9A66F9831DAD27BD00D88583 /* Debug */ = {
			isa = XCBuildConfiguration;
			buildSettings = {
				ALWAYS_EMBED_SWIFT_STANDARD_LIBRARIES = YES;
				BUNDLE_LOADER = "$(TEST_HOST)";
				INFOPLIST_FILE = EventsTests/Info.plist;
				LD_RUNPATH_SEARCH_PATHS = "$(inherited) @executable_path/Frameworks @loader_path/Frameworks";
				PRODUCT_BUNDLE_IDENTIFIER = com.mozy.EventsTests;
				PRODUCT_NAME = "$(TARGET_NAME)";
				SWIFT_VERSION = 3.0;
				TEST_HOST = "$(BUILT_PRODUCTS_DIR)/Events.app/Events";
			};
			name = Debug;
		};
		9A66F9841DAD27BD00D88583 /* Release */ = {
			isa = XCBuildConfiguration;
			buildSettings = {
				ALWAYS_EMBED_SWIFT_STANDARD_LIBRARIES = YES;
				BUNDLE_LOADER = "$(TEST_HOST)";
				INFOPLIST_FILE = EventsTests/Info.plist;
				LD_RUNPATH_SEARCH_PATHS = "$(inherited) @executable_path/Frameworks @loader_path/Frameworks";
				PRODUCT_BUNDLE_IDENTIFIER = com.mozy.EventsTests;
				PRODUCT_NAME = "$(TARGET_NAME)";
				SWIFT_VERSION = 3.0;
				TEST_HOST = "$(BUILT_PRODUCTS_DIR)/Events.app/Events";
			};
			name = Release;
		};
		9A66F9861DAD27BD00D88583 /* Debug */ = {
			isa = XCBuildConfiguration;
			buildSettings = {
				ALWAYS_EMBED_SWIFT_STANDARD_LIBRARIES = YES;
				INFOPLIST_FILE = EventsUITests/Info.plist;
				LD_RUNPATH_SEARCH_PATHS = "$(inherited) @executable_path/Frameworks @loader_path/Frameworks";
				PRODUCT_BUNDLE_IDENTIFIER = com.mozy.EventsUITests;
				PRODUCT_NAME = "$(TARGET_NAME)";
				SWIFT_VERSION = 3.0;
				TEST_TARGET_NAME = Events;
			};
			name = Debug;
		};
		9A66F9871DAD27BD00D88583 /* Release */ = {
			isa = XCBuildConfiguration;
			buildSettings = {
				ALWAYS_EMBED_SWIFT_STANDARD_LIBRARIES = YES;
				INFOPLIST_FILE = EventsUITests/Info.plist;
				LD_RUNPATH_SEARCH_PATHS = "$(inherited) @executable_path/Frameworks @loader_path/Frameworks";
				PRODUCT_BUNDLE_IDENTIFIER = com.mozy.EventsUITests;
				PRODUCT_NAME = "$(TARGET_NAME)";
				SWIFT_VERSION = 3.0;
				TEST_TARGET_NAME = Events;
			};
			name = Release;
		};
/* End XCBuildConfiguration section */

/* Begin XCConfigurationList section */
		9A66F9521DAD27BC00D88583 /* Build configuration list for PBXProject "Events" */ = {
			isa = XCConfigurationList;
			buildConfigurations = (
				9A66F97D1DAD27BD00D88583 /* Debug */,
				9A66F97E1DAD27BD00D88583 /* Release */,
			);
			defaultConfigurationIsVisible = 0;
			defaultConfigurationName = Release;
		};
		9A66F97F1DAD27BD00D88583 /* Build configuration list for PBXNativeTarget "Events" */ = {
			isa = XCConfigurationList;
			buildConfigurations = (
				9A66F9801DAD27BD00D88583 /* Debug */,
				9A66F9811DAD27BD00D88583 /* Release */,
			);
			defaultConfigurationIsVisible = 0;
		};
		9A66F9821DAD27BD00D88583 /* Build configuration list for PBXNativeTarget "EventsTests" */ = {
			isa = XCConfigurationList;
			buildConfigurations = (
				9A66F9831DAD27BD00D88583 /* Debug */,
				9A66F9841DAD27BD00D88583 /* Release */,
			);
			defaultConfigurationIsVisible = 0;
		};
		9A66F9851DAD27BD00D88583 /* Build configuration list for PBXNativeTarget "EventsUITests" */ = {
			isa = XCConfigurationList;
			buildConfigurations = (
				9A66F9861DAD27BD00D88583 /* Debug */,
				9A66F9871DAD27BD00D88583 /* Release */,
			);
			defaultConfigurationIsVisible = 0;
		};
/* End XCConfigurationList section */
	};
	rootObject = 9A66F94F1DAD27BC00D88583 /* Project object */;
}
